<?xml version="1.0" encoding="utf-8"?>
<Project ToolsVersion="4.0" xmlns="http://schemas.microsoft.com/developer/msbuild/2003">
  <ItemGroup>
    <Filter Include="core">
      <UniqueIdentifier>{4E40957C-3A77-960D-E363-7C10CF79120F}</UniqueIdentifier>
    </Filter>
    <Filter Include="event">
      <UniqueIdentifier>{071C650F-7330-8DC0-3CB2-3020A88589F1}</UniqueIdentifier>
    </Filter>
    <Filter Include="graphics">
      <UniqueIdentifier>{36EF08BC-22BC-63C7-4BD5-516F37019955}</UniqueIdentifier>
    </Filter>
    <Filter Include="gui">
      <UniqueIdentifier>{8A78880B-F681-887C-7FFD-9E7CEB05947C}</UniqueIdentifier>
    </Filter>
    <Filter Include="inventory">
      <UniqueIdentifier>{F36F69AC-5FDA-1D23-A818-CFC814C2FB77}</UniqueIdentifier>
    </Filter>
    <Filter Include="layer">
      <UniqueIdentifier>{8297D80F-EEAB-00C1-B72D-A4202301FDF1}</UniqueIdentifier>
    </Filter>
    <Filter Include="world">
      <UniqueIdentifier>{6D35A710-D949-CFC1-A2CB-72210E9FCBF2}</UniqueIdentifier>
    </Filter>
    <Filter Include="world\biome">
      <UniqueIdentifier>{8824D2BB-F4D9-4AB1-7DCE-4488E98241B5}</UniqueIdentifier>
    </Filter>
    <Filter Include="world\block">
      <UniqueIdentifier>{67C8D3BB-D37D-4CB1-5C72-4688C82643B5}</UniqueIdentifier>
    </Filter>
    <Filter Include="world\entity">
      <UniqueIdentifier>{3959733D-25BC-02E2-CE41-3B98BA83CE64}</UniqueIdentifier>
    </Filter>
    <Filter Include="world\gen">
      <UniqueIdentifier>{56AD09D3-C217-BE49-0B56-6FEF77FF9B9E}</UniqueIdentifier>
    </Filter>
    <Filter Include="world\particle">
      <UniqueIdentifier>{3000E4A1-1CCE-D7A7-0562-48CEF1CEB30C}</UniqueIdentifier>
    </Filter>
  </ItemGroup>
  <ItemGroup>
    <ClInclude Include="src\core\Sandbox.h">
      <Filter>core</Filter>
    </ClInclude>
    <ClInclude Include="src\event\SandboxControls.h">
      <Filter>event</Filter>
    </ClInclude>
    <ClInclude Include="src\graphics\BackgroundRenderer.h">
      <Filter>graphics</Filter>
    </ClInclude>
    <ClInclude Include="src\graphics\Bar.h">
      <Filter>graphics</Filter>
    </ClInclude>
    <ClInclude Include="src\graphics\BlockTextureAtlas.h">
      <Filter>graphics</Filter>
    </ClInclude>
    <ClInclude Include="src\graphics\BlockTextureCreator.h">
      <Filter>graphics</Filter>
    </ClInclude>
    <ClInclude Include="src\graphics\Sprite2D.h">
      <Filter>graphics</Filter>
    </ClInclude>
    <ClInclude Include="src\gui\GUICustomRenderer.h">
      <Filter>gui</Filter>
    </ClInclude>
    <ClInclude Include="src\gui\GUIEntityChest.h">
      <Filter>gui</Filter>
    </ClInclude>
    <ClInclude Include="src\gui\GUIEntityCreativeTab.h">
      <Filter>gui</Filter>
    </ClInclude>
    <ClInclude Include="src\gui\GUIEntityPlayer.h">
      <Filter>gui</Filter>
    </ClInclude>
    <ClInclude Include="src\gui\GUIItemContainer.h">
      <Filter>gui</Filter>
    </ClInclude>
    <ClInclude Include="src\gui\HUD.h">
      <Filter>gui</Filter>
    </ClInclude>
    <ClInclude Include="src\gui\MainWindow.h">
      <Filter>gui</Filter>
    </ClInclude>
    <ClInclude Include="src\gui\window_messeages.h">
      <Filter>gui</Filter>
    </ClInclude>
    <ClInclude Include="src\inventory\CreativeInventory.h">
      <Filter>inventory</Filter>
    </ClInclude>
    <ClInclude Include="src\inventory\Inventory.h">
      <Filter>inventory</Filter>
    </ClInclude>
    <ClInclude Include="src\inventory\Item.h">
      <Filter>inventory</Filter>
    </ClInclude>
    <ClInclude Include="src\inventory\ItemBlock.h">
      <Filter>inventory</Filter>
    </ClInclude>
    <ClInclude Include="src\inventory\ItemTool.h">
      <Filter>inventory</Filter>
    </ClInclude>
    <ClInclude Include="src\inventory\PlayerInventory.h">
      <Filter>inventory</Filter>
    </ClInclude>
    <ClInclude Include="src\inventory\items.h">
      <Filter>inventory</Filter>
    </ClInclude>
    <ClInclude Include="src\layer\CommonMessages.h">
      <Filter>layer</Filter>
    </ClInclude>
    <ClInclude Include="src\layer\GUILayer.h">
      <Filter>layer</Filter>
    </ClInclude>
    <ClInclude Include="src\layer\MainLayer.h">
      <Filter>layer</Filter>
    </ClInclude>
    <ClInclude Include="src\layer\PriorGenLayer.h">
      <Filter>layer</Filter>
    </ClInclude>
    <ClInclude Include="src\layer\WorldLayer.h">
      <Filter>layer</Filter>
    </ClInclude>
    <ClInclude Include="src\world\BlockAccess.h">
      <Filter>world</Filter>
    </ClInclude>
    <ClInclude Include="src\world\Camera.h">
      <Filter>world</Filter>
    </ClInclude>
    <ClInclude Include="src\world\ChunkLoader.h">
      <Filter>world</Filter>
    </ClInclude>
    <ClInclude Include="src\world\ChunkMesh.h">
      <Filter>world</Filter>
    </ClInclude>
    <ClInclude Include="src\world\ChunkPack.h">
      <Filter>world</Filter>
    </ClInclude>
    <ClInclude Include="src\world\FileChunkProvider.h">
      <Filter>world</Filter>
    </ClInclude>
    <ClInclude Include="src\world\I2DLocalable.h">
      <Filter>world</Filter>
    </ClInclude>
    <ClInclude Include="src\world\IChunkProvider.h">
      <Filter>world</Filter>
    </ClInclude>
    <ClInclude Include="src\world\ITickable.h">
      <Filter>world</Filter>
    </ClInclude>
    <ClInclude Include="src\world\IWorld.h">
      <Filter>world</Filter>
    </ClInclude>
    <ClInclude Include="src\world\LightCalculator.h">
      <Filter>world</Filter>
    </ClInclude>
    <ClInclude Include="src\world\ThreadedChunkProvider.h">
      <Filter>world</Filter>
    </ClInclude>
    <ClInclude Include="src\world\ThreadedWorldGen.h">
      <Filter>world</Filter>
    </ClInclude>
    <ClInclude Include="src\world\World.h">
      <Filter>world</Filter>
    </ClInclude>
    <ClInclude Include="src\world\WorldIO.h">
      <Filter>world</Filter>
    </ClInclude>
    <ClInclude Include="src\world\WorldRenderManager.h">
      <Filter>world</Filter>
    </ClInclude>
    <ClInclude Include="src\world\WorldTime.h">
      <Filter>world</Filter>
    </ClInclude>
    <ClInclude Include="src\world\WorldsProvider.h">
      <Filter>world</Filter>
    </ClInclude>
    <ClInclude Include="src\world\biome\Biome.h">
      <Filter>world\biome</Filter>
    </ClInclude>
    <ClInclude Include="src\world\biome\BiomeForest.h">
      <Filter>world\biome</Filter>
    </ClInclude>
    <ClInclude Include="src\world\biome\BiomeRegistry.h">
      <Filter>world\biome</Filter>
    </ClInclude>
    <ClInclude Include="src\world\biome\BiomeTiledTexture.h">
      <Filter>world\biome</Filter>
    </ClInclude>
    <ClInclude Include="src\world\biome\biomes.h">
      <Filter>world\biome</Filter>
    </ClInclude>
    <ClInclude Include="src\world\block\ActionPolygon.h">
      <Filter>world\block</Filter>
    </ClInclude>
    <ClInclude Include="src\world\block\Block.h">
      <Filter>world\block</Filter>
    </ClInclude>
    <ClInclude Include="src\world\block\BlockBreaker.h">
      <Filter>world\block</Filter>
    </ClInclude>
    <ClInclude Include="src\world\block\BlockRegistry.h">
      <Filter>world\block</Filter>
    </ClInclude>
    <ClInclude Include="src\world\block\basic_blocks.h">
      <Filter>world\block</Filter>
    </ClInclude>
    <ClInclude Include="src\world\block\basic_walls.h">
      <Filter>world\block</Filter>
    </ClInclude>
    <ClInclude Include="src\world\block\block_datas.h">
      <Filter>world\block</Filter>
    </ClInclude>
    <ClInclude Include="src\world\entity\EntityAllocator.h">
      <Filter>world\entity</Filter>
    </ClInclude>
    <ClInclude Include="src\world\entity\EntityManager.h">
      <Filter>world\entity</Filter>
    </ClInclude>
    <ClInclude Include="src\world\entity\EntityPlayer.h">
      <Filter>world\entity</Filter>
    </ClInclude>
    <ClInclude Include="src\world\entity\EntityRegistry.h">
      <Filter>world\entity</Filter>
    </ClInclude>
    <ClInclude Include="src\world\entity\PathTracer.h">
      <Filter>world\entity</Filter>
    </ClInclude>
    <ClInclude Include="src\world\entity\WorldEntity.h">
      <Filter>world\entity</Filter>
    </ClInclude>
    <ClInclude Include="src\world\entity\componentManager.h">
      <Filter>world\entity</Filter>
    </ClInclude>
    <ClInclude Include="src\world\entity\entities.h">
      <Filter>world\entity</Filter>
    </ClInclude>
    <ClInclude Include="src\world\entity\entity_datas.h">
      <Filter>world\entity</Filter>
    </ClInclude>
    <ClInclude Include="src\world\entity\ssystem.h">
      <Filter>world\entity</Filter>
    </ClInclude>
    <ClInclude Include="src\world\gen\PriorGen.h">
      <Filter>world\gen</Filter>
    </ClInclude>
    <ClInclude Include="src\world\gen\TreeGen.h">
      <Filter>world\gen</Filter>
    </ClInclude>
    <ClInclude Include="src\world\gen\WorldGen.h">
      <Filter>world\gen</Filter>
    </ClInclude>
    <ClInclude Include="src\world\particle\ParticleManager.h">
      <Filter>world\particle</Filter>
    </ClInclude>
    <ClInclude Include="src\world\particle\ParticleRegistry.h">
      <Filter>world\particle</Filter>
    </ClInclude>
    <ClInclude Include="src\world\particle\particles.h">
      <Filter>world\particle</Filter>
    </ClInclude>
  </ItemGroup>
  <ItemGroup>
    <ClCompile Include="src\core\EntryPoint.cpp">
      <Filter>core</Filter>
    </ClCompile>
    <ClCompile Include="src\core\Sandbox.cpp">
      <Filter>core</Filter>
    </ClCompile>
    <ClCompile Include="src\event\SanboxControls.cpp">
      <Filter>event</Filter>
    </ClCompile>
    <ClCompile Include="src\graphics\BackgroundRenderer.cpp">
      <Filter>graphics</Filter>
    </ClCompile>
    <ClCompile Include="src\graphics\Bar.cpp">
      <Filter>graphics</Filter>
    </ClCompile>
    <ClCompile Include="src\graphics\BlockTextureAtlas.cpp">
      <Filter>graphics</Filter>
    </ClCompile>
    <ClCompile Include="src\graphics\BlockTextureCreator.cpp">
      <Filter>graphics</Filter>
    </ClCompile>
    <ClCompile Include="src\graphics\Sprite2D.cpp">
      <Filter>graphics</Filter>
    </ClCompile>
    <ClCompile Include="src\gui\GUICustomRenderer.cpp">
      <Filter>gui</Filter>
    </ClCompile>
    <ClCompile Include="src\gui\GUIEntityChest.cpp">
      <Filter>gui</Filter>
    </ClCompile>
    <ClCompile Include="src\gui\GUIEntityCreativeTab.cpp">
      <Filter>gui</Filter>
    </ClCompile>
    <ClCompile Include="src\gui\GUIItemContainer.cpp">
      <Filter>gui</Filter>
    </ClCompile>
    <ClCompile Include="src\gui\GuiEntityPlayer.cpp">
      <Filter>gui</Filter>
    </ClCompile>
    <ClCompile Include="src\gui\HUD.cpp">
      <Filter>gui</Filter>
    </ClCompile>
    <ClCompile Include="src\gui\MainWindow.cpp">
      <Filter>gui</Filter>
    </ClCompile>
    <ClCompile Include="src\inventory\CreativeInventory.cpp">
      <Filter>inventory</Filter>
    </ClCompile>
    <ClCompile Include="src\inventory\Inventory.cpp">
      <Filter>inventory</Filter>
    </ClCompile>
    <ClCompile Include="src\inventory\Item.cpp">
      <Filter>inventory</Filter>
    </ClCompile>
    <ClCompile Include="src\inventory\ItemBlock.cpp">
      <Filter>inventory</Filter>
    </ClCompile>
    <ClCompile Include="src\inventory\ItemTool.cpp">
      <Filter>inventory</Filter>
    </ClCompile>
    <ClCompile Include="src\inventory\PlayerInventory.cpp">
      <Filter>inventory</Filter>
    </ClCompile>
    <ClCompile Include="src\inventory\items.cpp">
      <Filter>inventory</Filter>
    </ClCompile>
    <ClCompile Include="src\layer\GUILayer.cpp">
      <Filter>layer</Filter>
    </ClCompile>
    <ClCompile Include="src\layer\MainLayer.cpp">
      <Filter>layer</Filter>
    </ClCompile>
    <ClCompile Include="src\layer\PriorGenLayer.cpp">
      <Filter>layer</Filter>
    </ClCompile>
    <ClCompile Include="src\layer\WorldLayer.cpp">
      <Filter>layer</Filter>
    </ClCompile>
    <ClCompile Include="src\world\BlockAccess.cpp">
      <Filter>world</Filter>
    </ClCompile>
    <ClCompile Include="src\world\Camera.cpp">
      <Filter>world</Filter>
    </ClCompile>
    <ClCompile Include="src\world\ChunkLoader.cpp">
      <Filter>world</Filter>
    </ClCompile>
    <ClCompile Include="src\world\ChunkMesh.cpp">
      <Filter>world</Filter>
    </ClCompile>
    <ClCompile Include="src\world\ChunkPack.cpp">
      <Filter>world</Filter>
    </ClCompile>
    <ClCompile Include="src\world\FileChunkProvider.cpp">
      <Filter>world</Filter>
    </ClCompile>
    <ClCompile Include="src\world\IWorld.cpp">
      <Filter>world</Filter>
    </ClCompile>
    <ClCompile Include="src\world\LightCalculator.cpp">
      <Filter>world</Filter>
    </ClCompile>
    <ClCompile Include="src\world\ThreadedChunkProvider.cpp">
      <Filter>world</Filter>
    </ClCompile>
    <ClCompile Include="src\world\ThreadedWorldGen.cpp">
      <Filter>world</Filter>
    </ClCompile>
    <ClCompile Include="src\world\World.cpp">
      <Filter>world</Filter>
    </ClCompile>
    <ClCompile Include="src\world\WorldIO.cpp">
      <Filter>world</Filter>
    </ClCompile>
    <ClCompile Include="src\world\WorldRenderManager.cpp">
      <Filter>world</Filter>
    </ClCompile>
    <ClCompile Include="src\world\WorldsProvider.cpp">
      <Filter>world</Filter>
    </ClCompile>
    <ClCompile Include="src\world\biome\Biome.cpp">
      <Filter>world\biome</Filter>
    </ClCompile>
    <ClCompile Include="src\world\biome\BiomeForest.cpp">
      <Filter>world\biome</Filter>
    </ClCompile>
    <ClCompile Include="src\world\biome\BiomeRegistry.cpp">
      <Filter>world\biome</Filter>
    </ClCompile>
    <ClCompile Include="src\world\biome\BiomeTiledTexture.cpp">
      <Filter>world\biome</Filter>
    </ClCompile>
    <ClCompile Include="src\world\biome\biomes.cpp">
      <Filter>world\biome</Filter>
    </ClCompile>
    <ClCompile Include="src\world\block\ActionPolygon.cpp">
      <Filter>world\block</Filter>
    </ClCompile>
    <ClCompile Include="src\world\block\Block.cpp">
      <Filter>world\block</Filter>
    </ClCompile>
    <ClCompile Include="src\world\block\BlockBreaker.cpp">
      <Filter>world\block</Filter>
    </ClCompile>
    <ClCompile Include="src\world\block\BlockRegistry.cpp">
      <Filter>world\block</Filter>
    </ClCompile>
    <ClCompile Include="src\world\block\basic_blocks.cpp">
      <Filter>world\block</Filter>
    </ClCompile>
    <ClCompile Include="src\world\block\basic_walls.cpp">
      <Filter>world\block</Filter>
    </ClCompile>
    <ClCompile Include="src\world\entity\EntityAllocator.cpp">
      <Filter>world\entity</Filter>
    </ClCompile>
    <ClCompile Include="src\world\entity\EntityManager.cpp">
      <Filter>world\entity</Filter>
    </ClCompile>
    <ClCompile Include="src\world\entity\EntityPlayer.cpp">
      <Filter>world\entity</Filter>
    </ClCompile>
    <ClCompile Include="src\world\entity\EntityRegistry.cpp">
      <Filter>world\entity</Filter>
    </ClCompile>
    <ClCompile Include="src\world\entity\PathTracer.cpp">
      <Filter>world\entity</Filter>
    </ClCompile>
    <ClCompile Include="src\world\entity\WorldEntity.cpp">
      <Filter>world\entity</Filter>
    </ClCompile>
    <ClCompile Include="src\world\entity\componentManager.cpp">
      <Filter>world\entity</Filter>
    </ClCompile>
    <ClCompile Include="src\world\entity\entities.cpp">
      <Filter>world\entity</Filter>
    </ClCompile>
    <ClCompile Include="src\world\entity\ssystem.cpp">
      <Filter>world\entity</Filter>
    </ClCompile>
    <ClCompile Include="src\world\gen\PriorGen.cpp">
      <Filter>world\gen</Filter>
    </ClCompile>
    <ClCompile Include="src\world\gen\TreeGen.cpp">
      <Filter>world\gen</Filter>
    </ClCompile>
    <ClCompile Include="src\world\gen\WorldGen.cpp">
      <Filter>world\gen</Filter>
    </ClCompile>
    <ClCompile Include="src\world\particle\ParticleManager.cpp">
      <Filter>world\particle</Filter>
    </ClCompile>
    <ClCompile Include="src\world\particle\ParticleRegistry.cpp">
      <Filter>world\particle</Filter>
    </ClCompile>
    <ClCompile Include="src\world\particle\particles.cpp">
      <Filter>world\particle</Filter>
    </ClCompile>
  </ItemGroup>
</Project>