
Microsoft Visual Studio Solution File, Format Version 12.00
# Visual Studio 15
Project("{8BC9CEB8-8B4A-11D0-8D11-00A0C91BC942}") = "NiceDay", "NiceDay\NiceDay.vcxproj", "{A2D42374-0EB4-A20F-17CC-2DE6832A0971}"
EndProject
Global
	GlobalSection(SolutionConfigurationPlatforms) = preSolution
		Debug|x64 = Debug|x64
		Dist|x64 = Dist|x64
		Release|x64 = Release|x64
	EndGlobalSection
	GlobalSection(ProjectConfigurationPlatforms) = postSolution
		{A2D42374-0EB4-A20F-17CC-2DE6832A0971}.Debug|x64.ActiveCfg = Debug|x64
		{A2D42374-0EB4-A20F-17CC-2DE6832A0971}.Debug|x64.Build.0 = Debug|x64
		{A2D42374-0EB4-A20F-17CC-2DE6832A0971}.Dist|x64.ActiveCfg = Dist|x64
		{A2D42374-0EB4-A20F-17CC-2DE6832A0971}.Dist|x64.Build.0 = Dist|x64
		{A2D42374-0EB4-A20F-17CC-2DE6832A0971}.Release|x64.ActiveCfg = Release|x64
		{A2D42374-0EB4-A20F-17CC-2DE6832A0971}.Release|x64.Build.0 = Release|x64
	EndGlobalSection
	GlobalSection(SolutionProperties) = preSolution
		HideSolutionNode = FALSE
	EndGlobalSection
EndGlobal
