<?xml version="1.0" encoding="utf-8"?>
<Project ToolsVersion="4.0" xmlns="http://schemas.microsoft.com/developer/msbuild/2003">
  <ItemGroup>
    <Filter Include="src">
      <UniqueIdentifier>{2DAB880B-99B4-887C-2230-9F7C8E38947C}</UniqueIdentifier>
    </Filter>
    <Filter Include="src\entity">
      <UniqueIdentifier>{F9D6DE58-E58E-20A6-4E96-F9013A6DBB96}</UniqueIdentifier>
    </Filter>
    <Filter Include="src\event">
      <UniqueIdentifier>{5E2A22B5-CA94-D62B-13D3-87D17F7CB480}</UniqueIdentifier>
    </Filter>
    <Filter Include="src\graphics">
      <UniqueIdentifier>{2DF282EC-1955-1291-C2DA-4A47AE1CDE13}</UniqueIdentifier>
    </Filter>
    <Filter Include="src\graphics\buffer">
      <UniqueIdentifier>{96B31A58-0215-F865-8B82-3E18F7E22E25}</UniqueIdentifier>
    </Filter>
    <Filter Include="src\layer">
      <UniqueIdentifier>{D9A595B5-4510-4A2C-8E4E-FBD1FAF72781}</UniqueIdentifier>
    </Filter>
    <Filter Include="src\platform">
      <UniqueIdentifier>{41663D6D-2DC9-CC11-D64E-05C8C2909894}</UniqueIdentifier>
    </Filter>
    <Filter Include="src\platform\OpenGL">
      <UniqueIdentifier>{555C82A0-C1BD-5FAE-4A2B-A660B68B966D}</UniqueIdentifier>
    </Filter>
    <Filter Include="src\world">
      <UniqueIdentifier>{C44364B6-30AE-182D-79EC-C9D2E595F681}</UniqueIdentifier>
    </Filter>
    <Filter Include="src\world\biome">
      <UniqueIdentifier>{1F58ACD3-8BE3-1998-94F4-9C8C00FF7598}</UniqueIdentifier>
    </Filter>
    <Filter Include="src\world\block">
      <UniqueIdentifier>{FEFBADD3-6A87-1B98-7398-9E8CDFA27798}</UniqueIdentifier>
    </Filter>
    <Filter Include="src\world\entity">
      <UniqueIdentifier>{B0FF9350-9CF8-B2A2-C52A-9827B18292AE}</UniqueIdentifier>
    </Filter>
    <Filter Include="vendor">
      <UniqueIdentifier>{B3738122-9F15-ACF8-88D0-BF4C74113349}</UniqueIdentifier>
    </Filter>
    <Filter Include="vendor\glm">
      <UniqueIdentifier>{829FC5A8-6E57-07F6-D75E-E051C335A2E6}</UniqueIdentifier>
    </Filter>
    <Filter Include="vendor\glm\glm">
      <UniqueIdentifier>{D11AC9C9-BDE8-BCCF-A67C-2DF692E99834}</UniqueIdentifier>
    </Filter>
    <Filter Include="vendor\glm\glm\detail">
      <UniqueIdentifier>{739DA071-DF09-5C6C-A8FD-F3C914297ED4}</UniqueIdentifier>
    </Filter>
    <Filter Include="vendor\glm\glm\ext">
      <UniqueIdentifier>{B19EA76B-9D82-68C1-06E3-6214F2E55243}</UniqueIdentifier>
    </Filter>
    <Filter Include="vendor\glm\glm\gtc">
      <UniqueIdentifier>{9EA6A76B-8A8A-68C1-F3EA-6214DFED5243}</UniqueIdentifier>
    </Filter>
    <Filter Include="vendor\glm\glm\gtx">
      <UniqueIdentifier>{B3A6A76B-9F8A-68C1-08EB-6214F4ED5243}</UniqueIdentifier>
    </Filter>
    <Filter Include="vendor\stb_image">
      <UniqueIdentifier>{0DA0BA59-F998-D9AB-22CB-BE300E23B9B7}</UniqueIdentifier>
    </Filter>
  </ItemGroup>
  <ItemGroup>
    <ClInclude Include="src\Core.h">
      <Filter>src</Filter>
    </ClInclude>
    <ClInclude Include="src\EntryPoint.h">
      <Filter>src</Filter>
    </ClInclude>
    <ClInclude Include="src\Game.h">
      <Filter>src</Filter>
    </ClInclude>
    <ClInclude Include="src\Input.h">
      <Filter>src</Filter>
    </ClInclude>
    <ClInclude Include="src\Log.h">
      <Filter>src</Filter>
    </ClInclude>
    <ClInclude Include="src\NDUtil.h">
      <Filter>src</Filter>
    </ClInclude>
    <ClInclude Include="src\Stats.h">
      <Filter>src</Filter>
    </ClInclude>
    <ClInclude Include="src\Window.h">
      <Filter>src</Filter>
    </ClInclude>
    <ClInclude Include="src\entity\Camera.h">
      <Filter>src\entity</Filter>
    </ClInclude>
    <ClInclude Include="src\entity\I2DLocalable.h">
      <Filter>src\entity</Filter>
    </ClInclude>
    <ClInclude Include="src\event\Event.h">
      <Filter>src\event</Filter>
    </ClInclude>
    <ClInclude Include="src\event\KeyEvent.h">
      <Filter>src\event</Filter>
    </ClInclude>
    <ClInclude Include="src\event\MouseEvent.h">
      <Filter>src\event</Filter>
    </ClInclude>
    <ClInclude Include="src\event\WindowEvent.h">
      <Filter>src\event</Filter>
    </ClInclude>
    <ClInclude Include="src\graphics\Renderer.h">
      <Filter>src\graphics</Filter>
    </ClInclude>
    <ClInclude Include="src\graphics\Shader.h">
      <Filter>src\graphics</Filter>
    </ClInclude>
    <ClInclude Include="src\graphics\Sprite2D.h">
      <Filter>src\graphics</Filter>
    </ClInclude>
    <ClInclude Include="src\graphics\Texture.h">
      <Filter>src\graphics</Filter>
    </ClInclude>
    <ClInclude Include="src\graphics\buffer\Buffer.h">
      <Filter>src\graphics\buffer</Filter>
    </ClInclude>
    <ClInclude Include="src\graphics\buffer\FrameBuffer.h">
      <Filter>src\graphics\buffer</Filter>
    </ClInclude>
    <ClInclude Include="src\graphics\buffer\VertexArray.h">
      <Filter>src\graphics\buffer</Filter>
    </ClInclude>
    <ClInclude Include="src\layer\ImGuiLayer.h">
      <Filter>src\layer</Filter>
    </ClInclude>
    <ClInclude Include="src\layer\Layer.h">
      <Filter>src\layer</Filter>
    </ClInclude>
    <ClInclude Include="src\layer\LayerStack.h">
      <Filter>src\layer</Filter>
    </ClInclude>
    <ClInclude Include="src\layer\MainLayer.h">
      <Filter>src\layer</Filter>
    </ClInclude>
    <ClInclude Include="src\layer\WorldLayer.h">
      <Filter>src\layer</Filter>
    </ClInclude>
    <ClInclude Include="src\layer\imguiplotvar.h">
      <Filter>src\layer</Filter>
    </ClInclude>
    <ClInclude Include="src\ndpch.h">
      <Filter>src</Filter>
    </ClInclude>
    <ClInclude Include="src\platform\OpenGL\OpenGLBuffer.h">
      <Filter>src\platform\OpenGL</Filter>
    </ClInclude>
    <ClInclude Include="src\platform\OpenGL\OpenGLFrameBuffer.h">
      <Filter>src\platform\OpenGL</Filter>
    </ClInclude>
    <ClInclude Include="src\platform\OpenGL\OpenGLVertexArray.h">
      <Filter>src\platform\OpenGL</Filter>
    </ClInclude>
    <ClInclude Include="src\world\ChunkLoader.h">
      <Filter>src\world</Filter>
    </ClInclude>
    <ClInclude Include="src\world\ChunkMesh.h">
      <Filter>src\world</Filter>
    </ClInclude>
    <ClInclude Include="src\world\ITickable.h">
      <Filter>src\world</Filter>
    </ClInclude>
    <ClInclude Include="src\world\LightCalculator.h">
      <Filter>src\world</Filter>
    </ClInclude>
    <ClInclude Include="src\world\World.h">
      <Filter>src\world</Filter>
    </ClInclude>
    <ClInclude Include="src\world\WorldGen.h">
      <Filter>src\world</Filter>
    </ClInclude>
    <ClInclude Include="src\world\WorldIO.h">
      <Filter>src\world</Filter>
    </ClInclude>
    <ClInclude Include="src\world\WorldRenderManager.h">
      <Filter>src\world</Filter>
    </ClInclude>
    <ClInclude Include="src\world\biome\Biome.h">
      <Filter>src\world\biome</Filter>
    </ClInclude>
    <ClInclude Include="src\world\biome\BiomeForest.h">
      <Filter>src\world\biome</Filter>
    </ClInclude>
    <ClInclude Include="src\world\biome\BiomeRegistry.h">
      <Filter>src\world\biome</Filter>
    </ClInclude>
    <ClInclude Include="src\world\biome\BiomeTiledTexture.h">
      <Filter>src\world\biome</Filter>
    </ClInclude>
    <ClInclude Include="src\world\biome\biomes.h">
      <Filter>src\world\biome</Filter>
    </ClInclude>
    <ClInclude Include="src\world\block\ActionPolygon.h">
      <Filter>src\world\block</Filter>
    </ClInclude>
    <ClInclude Include="src\world\block\Block.h">
      <Filter>src\world\block</Filter>
    </ClInclude>
    <ClInclude Include="src\world\block\BlockRegistry.h">
      <Filter>src\world\block</Filter>
    </ClInclude>
    <ClInclude Include="src\world\block\basic_blocks.h">
      <Filter>src\world\block</Filter>
    </ClInclude>
    <ClInclude Include="src\world\block\basic_walls.h">
      <Filter>src\world\block</Filter>
    </ClInclude>
    <ClInclude Include="src\world\block\block_datas.h">
      <Filter>src\world\block</Filter>
    </ClInclude>
    <ClInclude Include="src\world\entity\WorldEntity.h">
      <Filter>src\world\entity</Filter>
    </ClInclude>
    <ClInclude Include="vendor\glm\glm\common.hpp">
      <Filter>vendor\glm\glm</Filter>
    </ClInclude>
    <ClInclude Include="vendor\glm\glm\detail\_features.hpp">
      <Filter>vendor\glm\glm\detail</Filter>
    </ClInclude>
    <ClInclude Include="vendor\glm\glm\detail\_fixes.hpp">
      <Filter>vendor\glm\glm\detail</Filter>
    </ClInclude>
    <ClInclude Include="vendor\glm\glm\detail\_noise.hpp">
      <Filter>vendor\glm\glm\detail</Filter>
    </ClInclude>
    <ClInclude Include="vendor\glm\glm\detail\_swizzle.hpp">
      <Filter>vendor\glm\glm\detail</Filter>
    </ClInclude>
    <ClInclude Include="vendor\glm\glm\detail\_swizzle_func.hpp">
      <Filter>vendor\glm\glm\detail</Filter>
    </ClInclude>
    <ClInclude Include="vendor\glm\glm\detail\_vectorize.hpp">
      <Filter>vendor\glm\glm\detail</Filter>
    </ClInclude>
    <ClInclude Include="vendor\glm\glm\detail\compute_common.hpp">
      <Filter>vendor\glm\glm\detail</Filter>
    </ClInclude>
    <ClInclude Include="vendor\glm\glm\detail\compute_vector_relational.hpp">
      <Filter>vendor\glm\glm\detail</Filter>
    </ClInclude>
    <ClInclude Include="vendor\glm\glm\detail\func_common.inl">
      <Filter>vendor\glm\glm\detail</Filter>
    </ClInclude>
    <ClInclude Include="vendor\glm\glm\detail\func_common_simd.inl">
      <Filter>vendor\glm\glm\detail</Filter>
    </ClInclude>
    <ClInclude Include="vendor\glm\glm\detail\func_exponential.inl">
      <Filter>vendor\glm\glm\detail</Filter>
    </ClInclude>
    <ClInclude Include="vendor\glm\glm\detail\func_exponential_simd.inl">
      <Filter>vendor\glm\glm\detail</Filter>
    </ClInclude>
    <ClInclude Include="vendor\glm\glm\detail\func_geometric.inl">
      <Filter>vendor\glm\glm\detail</Filter>
    </ClInclude>
    <ClInclude Include="vendor\glm\glm\detail\func_geometric_simd.inl">
      <Filter>vendor\glm\glm\detail</Filter>
    </ClInclude>
    <ClInclude Include="vendor\glm\glm\detail\func_integer.inl">
      <Filter>vendor\glm\glm\detail</Filter>
    </ClInclude>
    <ClInclude Include="vendor\glm\glm\detail\func_integer_simd.inl">
      <Filter>vendor\glm\glm\detail</Filter>
    </ClInclude>
    <ClInclude Include="vendor\glm\glm\detail\func_matrix.inl">
      <Filter>vendor\glm\glm\detail</Filter>
    </ClInclude>
    <ClInclude Include="vendor\glm\glm\detail\func_matrix_simd.inl">
      <Filter>vendor\glm\glm\detail</Filter>
    </ClInclude>
    <ClInclude Include="vendor\glm\glm\detail\func_packing.inl">
      <Filter>vendor\glm\glm\detail</Filter>
    </ClInclude>
    <ClInclude Include="vendor\glm\glm\detail\func_packing_simd.inl">
      <Filter>vendor\glm\glm\detail</Filter>
    </ClInclude>
    <ClInclude Include="vendor\glm\glm\detail\func_trigonometric.inl">
      <Filter>vendor\glm\glm\detail</Filter>
    </ClInclude>
    <ClInclude Include="vendor\glm\glm\detail\func_trigonometric_simd.inl">
      <Filter>vendor\glm\glm\detail</Filter>
    </ClInclude>
    <ClInclude Include="vendor\glm\glm\detail\func_vector_relational.inl">
      <Filter>vendor\glm\glm\detail</Filter>
    </ClInclude>
    <ClInclude Include="vendor\glm\glm\detail\func_vector_relational_simd.inl">
      <Filter>vendor\glm\glm\detail</Filter>
    </ClInclude>
    <ClInclude Include="vendor\glm\glm\detail\qualifier.hpp">
      <Filter>vendor\glm\glm\detail</Filter>
    </ClInclude>
    <ClInclude Include="vendor\glm\glm\detail\setup.hpp">
      <Filter>vendor\glm\glm\detail</Filter>
    </ClInclude>
    <ClInclude Include="vendor\glm\glm\detail\type_float.hpp">
      <Filter>vendor\glm\glm\detail</Filter>
    </ClInclude>
    <ClInclude Include="vendor\glm\glm\detail\type_half.hpp">
      <Filter>vendor\glm\glm\detail</Filter>
    </ClInclude>
    <ClInclude Include="vendor\glm\glm\detail\type_half.inl">
      <Filter>vendor\glm\glm\detail</Filter>
    </ClInclude>
    <ClInclude Include="vendor\glm\glm\detail\type_mat2x2.hpp">
      <Filter>vendor\glm\glm\detail</Filter>
    </ClInclude>
    <ClInclude Include="vendor\glm\glm\detail\type_mat2x2.inl">
      <Filter>vendor\glm\glm\detail</Filter>
    </ClInclude>
    <ClInclude Include="vendor\glm\glm\detail\type_mat2x3.hpp">
      <Filter>vendor\glm\glm\detail</Filter>
    </ClInclude>
    <ClInclude Include="vendor\glm\glm\detail\type_mat2x3.inl">
      <Filter>vendor\glm\glm\detail</Filter>
    </ClInclude>
    <ClInclude Include="vendor\glm\glm\detail\type_mat2x4.hpp">
      <Filter>vendor\glm\glm\detail</Filter>
    </ClInclude>
    <ClInclude Include="vendor\glm\glm\detail\type_mat2x4.inl">
      <Filter>vendor\glm\glm\detail</Filter>
    </ClInclude>
    <ClInclude Include="vendor\glm\glm\detail\type_mat3x2.hpp">
      <Filter>vendor\glm\glm\detail</Filter>
    </ClInclude>
    <ClInclude Include="vendor\glm\glm\detail\type_mat3x2.inl">
      <Filter>vendor\glm\glm\detail</Filter>
    </ClInclude>
    <ClInclude Include="vendor\glm\glm\detail\type_mat3x3.hpp">
      <Filter>vendor\glm\glm\detail</Filter>
    </ClInclude>
    <ClInclude Include="vendor\glm\glm\detail\type_mat3x3.inl">
      <Filter>vendor\glm\glm\detail</Filter>
    </ClInclude>
    <ClInclude Include="vendor\glm\glm\detail\type_mat3x4.hpp">
      <Filter>vendor\glm\glm\detail</Filter>
    </ClInclude>
    <ClInclude Include="vendor\glm\glm\detail\type_mat3x4.inl">
      <Filter>vendor\glm\glm\detail</Filter>
    </ClInclude>
    <ClInclude Include="vendor\glm\glm\detail\type_mat4x2.hpp">
      <Filter>vendor\glm\glm\detail</Filter>
    </ClInclude>
    <ClInclude Include="vendor\glm\glm\detail\type_mat4x2.inl">
      <Filter>vendor\glm\glm\detail</Filter>
    </ClInclude>
    <ClInclude Include="vendor\glm\glm\detail\type_mat4x3.hpp">
      <Filter>vendor\glm\glm\detail</Filter>
    </ClInclude>
    <ClInclude Include="vendor\glm\glm\detail\type_mat4x3.inl">
      <Filter>vendor\glm\glm\detail</Filter>
    </ClInclude>
    <ClInclude Include="vendor\glm\glm\detail\type_mat4x4.hpp">
      <Filter>vendor\glm\glm\detail</Filter>
    </ClInclude>
    <ClInclude Include="vendor\glm\glm\detail\type_mat4x4.inl">
      <Filter>vendor\glm\glm\detail</Filter>
    </ClInclude>
    <ClInclude Include="vendor\glm\glm\detail\type_mat4x4_simd.inl">
      <Filter>vendor\glm\glm\detail</Filter>
    </ClInclude>
    <ClInclude Include="vendor\glm\glm\detail\type_quat.hpp">
      <Filter>vendor\glm\glm\detail</Filter>
    </ClInclude>
    <ClInclude Include="vendor\glm\glm\detail\type_quat.inl">
      <Filter>vendor\glm\glm\detail</Filter>
    </ClInclude>
    <ClInclude Include="vendor\glm\glm\detail\type_quat_simd.inl">
      <Filter>vendor\glm\glm\detail</Filter>
    </ClInclude>
    <ClInclude Include="vendor\glm\glm\detail\type_vec1.hpp">
      <Filter>vendor\glm\glm\detail</Filter>
    </ClInclude>
    <ClInclude Include="vendor\glm\glm\detail\type_vec1.inl">
      <Filter>vendor\glm\glm\detail</Filter>
    </ClInclude>
    <ClInclude Include="vendor\glm\glm\detail\type_vec2.hpp">
      <Filter>vendor\glm\glm\detail</Filter>
    </ClInclude>
    <ClInclude Include="vendor\glm\glm\detail\type_vec2.inl">
      <Filter>vendor\glm\glm\detail</Filter>
    </ClInclude>
    <ClInclude Include="vendor\glm\glm\detail\type_vec3.hpp">
      <Filter>vendor\glm\glm\detail</Filter>
    </ClInclude>
    <ClInclude Include="vendor\glm\glm\detail\type_vec3.inl">
      <Filter>vendor\glm\glm\detail</Filter>
    </ClInclude>
    <ClInclude Include="vendor\glm\glm\detail\type_vec4.hpp">
      <Filter>vendor\glm\glm\detail</Filter>
    </ClInclude>
    <ClInclude Include="vendor\glm\glm\detail\type_vec4.inl">
      <Filter>vendor\glm\glm\detail</Filter>
    </ClInclude>
    <ClInclude Include="vendor\glm\glm\detail\type_vec4_simd.inl">
      <Filter>vendor\glm\glm\detail</Filter>
    </ClInclude>
    <ClInclude Include="vendor\glm\glm\exponential.hpp">
      <Filter>vendor\glm\glm</Filter>
    </ClInclude>
    <ClInclude Include="vendor\glm\glm\ext.hpp">
      <Filter>vendor\glm\glm</Filter>
    </ClInclude>
    <ClInclude Include="vendor\glm\glm\ext\matrix_clip_space.hpp">
      <Filter>vendor\glm\glm\ext</Filter>
    </ClInclude>
    <ClInclude Include="vendor\glm\glm\ext\matrix_clip_space.inl">
      <Filter>vendor\glm\glm\ext</Filter>
    </ClInclude>
    <ClInclude Include="vendor\glm\glm\ext\matrix_common.hpp">
      <Filter>vendor\glm\glm\ext</Filter>
    </ClInclude>
    <ClInclude Include="vendor\glm\glm\ext\matrix_common.inl">
      <Filter>vendor\glm\glm\ext</Filter>
    </ClInclude>
    <ClInclude Include="vendor\glm\glm\ext\matrix_double2x2.hpp">
      <Filter>vendor\glm\glm\ext</Filter>
    </ClInclude>
    <ClInclude Include="vendor\glm\glm\ext\matrix_double2x2_precision.hpp">
      <Filter>vendor\glm\glm\ext</Filter>
    </ClInclude>
    <ClInclude Include="vendor\glm\glm\ext\matrix_double2x3.hpp">
      <Filter>vendor\glm\glm\ext</Filter>
    </ClInclude>
    <ClInclude Include="vendor\glm\glm\ext\matrix_double2x3_precision.hpp">
      <Filter>vendor\glm\glm\ext</Filter>
    </ClInclude>
    <ClInclude Include="vendor\glm\glm\ext\matrix_double2x4.hpp">
      <Filter>vendor\glm\glm\ext</Filter>
    </ClInclude>
    <ClInclude Include="vendor\glm\glm\ext\matrix_double2x4_precision.hpp">
      <Filter>vendor\glm\glm\ext</Filter>
    </ClInclude>
    <ClInclude Include="vendor\glm\glm\ext\matrix_double3x2.hpp">
      <Filter>vendor\glm\glm\ext</Filter>
    </ClInclude>
    <ClInclude Include="vendor\glm\glm\ext\matrix_double3x2_precision.hpp">
      <Filter>vendor\glm\glm\ext</Filter>
    </ClInclude>
    <ClInclude Include="vendor\glm\glm\ext\matrix_double3x3.hpp">
      <Filter>vendor\glm\glm\ext</Filter>
    </ClInclude>
    <ClInclude Include="vendor\glm\glm\ext\matrix_double3x3_precision.hpp">
      <Filter>vendor\glm\glm\ext</Filter>
    </ClInclude>
    <ClInclude Include="vendor\glm\glm\ext\matrix_double3x4.hpp">
      <Filter>vendor\glm\glm\ext</Filter>
    </ClInclude>
    <ClInclude Include="vendor\glm\glm\ext\matrix_double3x4_precision.hpp">
      <Filter>vendor\glm\glm\ext</Filter>
    </ClInclude>
    <ClInclude Include="vendor\glm\glm\ext\matrix_double4x2.hpp">
      <Filter>vendor\glm\glm\ext</Filter>
    </ClInclude>
    <ClInclude Include="vendor\glm\glm\ext\matrix_double4x2_precision.hpp">
      <Filter>vendor\glm\glm\ext</Filter>
    </ClInclude>
    <ClInclude Include="vendor\glm\glm\ext\matrix_double4x3.hpp">
      <Filter>vendor\glm\glm\ext</Filter>
    </ClInclude>
    <ClInclude Include="vendor\glm\glm\ext\matrix_double4x3_precision.hpp">
      <Filter>vendor\glm\glm\ext</Filter>
    </ClInclude>
    <ClInclude Include="vendor\glm\glm\ext\matrix_double4x4.hpp">
      <Filter>vendor\glm\glm\ext</Filter>
    </ClInclude>
    <ClInclude Include="vendor\glm\glm\ext\matrix_double4x4_precision.hpp">
      <Filter>vendor\glm\glm\ext</Filter>
    </ClInclude>
    <ClInclude Include="vendor\glm\glm\ext\matrix_float2x2.hpp">
      <Filter>vendor\glm\glm\ext</Filter>
    </ClInclude>
    <ClInclude Include="vendor\glm\glm\ext\matrix_float2x2_precision.hpp">
      <Filter>vendor\glm\glm\ext</Filter>
    </ClInclude>
    <ClInclude Include="vendor\glm\glm\ext\matrix_float2x3.hpp">
      <Filter>vendor\glm\glm\ext</Filter>
    </ClInclude>
    <ClInclude Include="vendor\glm\glm\ext\matrix_float2x3_precision.hpp">
      <Filter>vendor\glm\glm\ext</Filter>
    </ClInclude>
    <ClInclude Include="vendor\glm\glm\ext\matrix_float2x4.hpp">
      <Filter>vendor\glm\glm\ext</Filter>
    </ClInclude>
    <ClInclude Include="vendor\glm\glm\ext\matrix_float2x4_precision.hpp">
      <Filter>vendor\glm\glm\ext</Filter>
    </ClInclude>
    <ClInclude Include="vendor\glm\glm\ext\matrix_float3x2.hpp">
      <Filter>vendor\glm\glm\ext</Filter>
    </ClInclude>
    <ClInclude Include="vendor\glm\glm\ext\matrix_float3x2_precision.hpp">
      <Filter>vendor\glm\glm\ext</Filter>
    </ClInclude>
    <ClInclude Include="vendor\glm\glm\ext\matrix_float3x3.hpp">
      <Filter>vendor\glm\glm\ext</Filter>
    </ClInclude>
    <ClInclude Include="vendor\glm\glm\ext\matrix_float3x3_precision.hpp">
      <Filter>vendor\glm\glm\ext</Filter>
    </ClInclude>
    <ClInclude Include="vendor\glm\glm\ext\matrix_float3x4.hpp">
      <Filter>vendor\glm\glm\ext</Filter>
    </ClInclude>
    <ClInclude Include="vendor\glm\glm\ext\matrix_float3x4_precision.hpp">
      <Filter>vendor\glm\glm\ext</Filter>
    </ClInclude>
    <ClInclude Include="vendor\glm\glm\ext\matrix_float4x2.hpp">
      <Filter>vendor\glm\glm\ext</Filter>
    </ClInclude>
    <ClInclude Include="vendor\glm\glm\ext\matrix_float4x2_precision.hpp">
      <Filter>vendor\glm\glm\ext</Filter>
    </ClInclude>
    <ClInclude Include="vendor\glm\glm\ext\matrix_float4x3.hpp">
      <Filter>vendor\glm\glm\ext</Filter>
    </ClInclude>
    <ClInclude Include="vendor\glm\glm\ext\matrix_float4x3_precision.hpp">
      <Filter>vendor\glm\glm\ext</Filter>
    </ClInclude>
    <ClInclude Include="vendor\glm\glm\ext\matrix_float4x4.hpp">
      <Filter>vendor\glm\glm\ext</Filter>
    </ClInclude>
    <ClInclude Include="vendor\glm\glm\ext\matrix_float4x4_precision.hpp">
      <Filter>vendor\glm\glm\ext</Filter>
    </ClInclude>
    <ClInclude Include="vendor\glm\glm\ext\matrix_projection.hpp">
      <Filter>vendor\glm\glm\ext</Filter>
    </ClInclude>
    <ClInclude Include="vendor\glm\glm\ext\matrix_projection.inl">
      <Filter>vendor\glm\glm\ext</Filter>
    </ClInclude>
    <ClInclude Include="vendor\glm\glm\ext\matrix_relational.hpp">
      <Filter>vendor\glm\glm\ext</Filter>
    </ClInclude>
    <ClInclude Include="vendor\glm\glm\ext\matrix_relational.inl">
      <Filter>vendor\glm\glm\ext</Filter>
    </ClInclude>
    <ClInclude Include="vendor\glm\glm\ext\matrix_transform.hpp">
      <Filter>vendor\glm\glm\ext</Filter>
    </ClInclude>
    <ClInclude Include="vendor\glm\glm\ext\matrix_transform.inl">
      <Filter>vendor\glm\glm\ext</Filter>
    </ClInclude>
    <ClInclude Include="vendor\glm\glm\ext\quaternion_common.hpp">
      <Filter>vendor\glm\glm\ext</Filter>
    </ClInclude>
    <ClInclude Include="vendor\glm\glm\ext\quaternion_common.inl">
      <Filter>vendor\glm\glm\ext</Filter>
    </ClInclude>
    <ClInclude Include="vendor\glm\glm\ext\quaternion_common_simd.inl">
      <Filter>vendor\glm\glm\ext</Filter>
    </ClInclude>
    <ClInclude Include="vendor\glm\glm\ext\quaternion_double.hpp">
      <Filter>vendor\glm\glm\ext</Filter>
    </ClInclude>
    <ClInclude Include="vendor\glm\glm\ext\quaternion_double_precision.hpp">
      <Filter>vendor\glm\glm\ext</Filter>
    </ClInclude>
    <ClInclude Include="vendor\glm\glm\ext\quaternion_exponential.hpp">
      <Filter>vendor\glm\glm\ext</Filter>
    </ClInclude>
    <ClInclude Include="vendor\glm\glm\ext\quaternion_exponential.inl">
      <Filter>vendor\glm\glm\ext</Filter>
    </ClInclude>
    <ClInclude Include="vendor\glm\glm\ext\quaternion_float.hpp">
      <Filter>vendor\glm\glm\ext</Filter>
    </ClInclude>
    <ClInclude Include="vendor\glm\glm\ext\quaternion_float_precision.hpp">
      <Filter>vendor\glm\glm\ext</Filter>
    </ClInclude>
    <ClInclude Include="vendor\glm\glm\ext\quaternion_geometric.hpp">
      <Filter>vendor\glm\glm\ext</Filter>
    </ClInclude>
    <ClInclude Include="vendor\glm\glm\ext\quaternion_geometric.inl">
      <Filter>vendor\glm\glm\ext</Filter>
    </ClInclude>
    <ClInclude Include="vendor\glm\glm\ext\quaternion_relational.hpp">
      <Filter>vendor\glm\glm\ext</Filter>
    </ClInclude>
    <ClInclude Include="vendor\glm\glm\ext\quaternion_relational.inl">
      <Filter>vendor\glm\glm\ext</Filter>
    </ClInclude>
    <ClInclude Include="vendor\glm\glm\ext\quaternion_transform.hpp">
      <Filter>vendor\glm\glm\ext</Filter>
    </ClInclude>
    <ClInclude Include="vendor\glm\glm\ext\quaternion_transform.inl">
      <Filter>vendor\glm\glm\ext</Filter>
    </ClInclude>
    <ClInclude Include="vendor\glm\glm\ext\quaternion_trigonometric.hpp">
      <Filter>vendor\glm\glm\ext</Filter>
    </ClInclude>
    <ClInclude Include="vendor\glm\glm\ext\quaternion_trigonometric.inl">
      <Filter>vendor\glm\glm\ext</Filter>
    </ClInclude>
    <ClInclude Include="vendor\glm\glm\ext\scalar_common.hpp">
      <Filter>vendor\glm\glm\ext</Filter>
    </ClInclude>
    <ClInclude Include="vendor\glm\glm\ext\scalar_common.inl">
      <Filter>vendor\glm\glm\ext</Filter>
    </ClInclude>
    <ClInclude Include="vendor\glm\glm\ext\scalar_constants.hpp">
      <Filter>vendor\glm\glm\ext</Filter>
    </ClInclude>
    <ClInclude Include="vendor\glm\glm\ext\scalar_constants.inl">
      <Filter>vendor\glm\glm\ext</Filter>
    </ClInclude>
    <ClInclude Include="vendor\glm\glm\ext\scalar_int_sized.hpp">
      <Filter>vendor\glm\glm\ext</Filter>
    </ClInclude>
    <ClInclude Include="vendor\glm\glm\ext\scalar_relational.hpp">
      <Filter>vendor\glm\glm\ext</Filter>
    </ClInclude>
    <ClInclude Include="vendor\glm\glm\ext\scalar_relational.inl">
      <Filter>vendor\glm\glm\ext</Filter>
    </ClInclude>
    <ClInclude Include="vendor\glm\glm\ext\scalar_uint_sized.hpp">
      <Filter>vendor\glm\glm\ext</Filter>
    </ClInclude>
    <ClInclude Include="vendor\glm\glm\ext\scalar_ulp.hpp">
      <Filter>vendor\glm\glm\ext</Filter>
    </ClInclude>
    <ClInclude Include="vendor\glm\glm\ext\scalar_ulp.inl">
      <Filter>vendor\glm\glm\ext</Filter>
    </ClInclude>
    <ClInclude Include="vendor\glm\glm\ext\vector_bool1.hpp">
      <Filter>vendor\glm\glm\ext</Filter>
    </ClInclude>
    <ClInclude Include="vendor\glm\glm\ext\vector_bool1_precision.hpp">
      <Filter>vendor\glm\glm\ext</Filter>
    </ClInclude>
    <ClInclude Include="vendor\glm\glm\ext\vector_bool2.hpp">
      <Filter>vendor\glm\glm\ext</Filter>
    </ClInclude>
    <ClInclude Include="vendor\glm\glm\ext\vector_bool2_precision.hpp">
      <Filter>vendor\glm\glm\ext</Filter>
    </ClInclude>
    <ClInclude Include="vendor\glm\glm\ext\vector_bool3.hpp">
      <Filter>vendor\glm\glm\ext</Filter>
    </ClInclude>
    <ClInclude Include="vendor\glm\glm\ext\vector_bool3_precision.hpp">
      <Filter>vendor\glm\glm\ext</Filter>
    </ClInclude>
    <ClInclude Include="vendor\glm\glm\ext\vector_bool4.hpp">
      <Filter>vendor\glm\glm\ext</Filter>
    </ClInclude>
    <ClInclude Include="vendor\glm\glm\ext\vector_bool4_precision.hpp">
      <Filter>vendor\glm\glm\ext</Filter>
    </ClInclude>
    <ClInclude Include="vendor\glm\glm\ext\vector_common.hpp">
      <Filter>vendor\glm\glm\ext</Filter>
    </ClInclude>
    <ClInclude Include="vendor\glm\glm\ext\vector_common.inl">
      <Filter>vendor\glm\glm\ext</Filter>
    </ClInclude>
    <ClInclude Include="vendor\glm\glm\ext\vector_double1.hpp">
      <Filter>vendor\glm\glm\ext</Filter>
    </ClInclude>
    <ClInclude Include="vendor\glm\glm\ext\vector_double1_precision.hpp">
      <Filter>vendor\glm\glm\ext</Filter>
    </ClInclude>
    <ClInclude Include="vendor\glm\glm\ext\vector_double2.hpp">
      <Filter>vendor\glm\glm\ext</Filter>
    </ClInclude>
    <ClInclude Include="vendor\glm\glm\ext\vector_double2_precision.hpp">
      <Filter>vendor\glm\glm\ext</Filter>
    </ClInclude>
    <ClInclude Include="vendor\glm\glm\ext\vector_double3.hpp">
      <Filter>vendor\glm\glm\ext</Filter>
    </ClInclude>
    <ClInclude Include="vendor\glm\glm\ext\vector_double3_precision.hpp">
      <Filter>vendor\glm\glm\ext</Filter>
    </ClInclude>
    <ClInclude Include="vendor\glm\glm\ext\vector_double4.hpp">
      <Filter>vendor\glm\glm\ext</Filter>
    </ClInclude>
    <ClInclude Include="vendor\glm\glm\ext\vector_double4_precision.hpp">
      <Filter>vendor\glm\glm\ext</Filter>
    </ClInclude>
    <ClInclude Include="vendor\glm\glm\ext\vector_float1.hpp">
      <Filter>vendor\glm\glm\ext</Filter>
    </ClInclude>
    <ClInclude Include="vendor\glm\glm\ext\vector_float1_precision.hpp">
      <Filter>vendor\glm\glm\ext</Filter>
    </ClInclude>
    <ClInclude Include="vendor\glm\glm\ext\vector_float2.hpp">
      <Filter>vendor\glm\glm\ext</Filter>
    </ClInclude>
    <ClInclude Include="vendor\glm\glm\ext\vector_float2_precision.hpp">
      <Filter>vendor\glm\glm\ext</Filter>
    </ClInclude>
    <ClInclude Include="vendor\glm\glm\ext\vector_float3.hpp">
      <Filter>vendor\glm\glm\ext</Filter>
    </ClInclude>
    <ClInclude Include="vendor\glm\glm\ext\vector_float3_precision.hpp">
      <Filter>vendor\glm\glm\ext</Filter>
    </ClInclude>
    <ClInclude Include="vendor\glm\glm\ext\vector_float4.hpp">
      <Filter>vendor\glm\glm\ext</Filter>
    </ClInclude>
    <ClInclude Include="vendor\glm\glm\ext\vector_float4_precision.hpp">
      <Filter>vendor\glm\glm\ext</Filter>
    </ClInclude>
    <ClInclude Include="vendor\glm\glm\ext\vector_int1.hpp">
      <Filter>vendor\glm\glm\ext</Filter>
    </ClInclude>
    <ClInclude Include="vendor\glm\glm\ext\vector_int1_precision.hpp">
      <Filter>vendor\glm\glm\ext</Filter>
    </ClInclude>
    <ClInclude Include="vendor\glm\glm\ext\vector_int2.hpp">
      <Filter>vendor\glm\glm\ext</Filter>
    </ClInclude>
    <ClInclude Include="vendor\glm\glm\ext\vector_int2_precision.hpp">
      <Filter>vendor\glm\glm\ext</Filter>
    </ClInclude>
    <ClInclude Include="vendor\glm\glm\ext\vector_int3.hpp">
      <Filter>vendor\glm\glm\ext</Filter>
    </ClInclude>
    <ClInclude Include="vendor\glm\glm\ext\vector_int3_precision.hpp">
      <Filter>vendor\glm\glm\ext</Filter>
    </ClInclude>
    <ClInclude Include="vendor\glm\glm\ext\vector_int4.hpp">
      <Filter>vendor\glm\glm\ext</Filter>
    </ClInclude>
    <ClInclude Include="vendor\glm\glm\ext\vector_int4_precision.hpp">
      <Filter>vendor\glm\glm\ext</Filter>
    </ClInclude>
    <ClInclude Include="vendor\glm\glm\ext\vector_relational.hpp">
      <Filter>vendor\glm\glm\ext</Filter>
    </ClInclude>
    <ClInclude Include="vendor\glm\glm\ext\vector_relational.inl">
      <Filter>vendor\glm\glm\ext</Filter>
    </ClInclude>
    <ClInclude Include="vendor\glm\glm\ext\vector_uint1.hpp">
      <Filter>vendor\glm\glm\ext</Filter>
    </ClInclude>
    <ClInclude Include="vendor\glm\glm\ext\vector_uint1_precision.hpp">
      <Filter>vendor\glm\glm\ext</Filter>
    </ClInclude>
    <ClInclude Include="vendor\glm\glm\ext\vector_uint2.hpp">
      <Filter>vendor\glm\glm\ext</Filter>
    </ClInclude>
    <ClInclude Include="vendor\glm\glm\ext\vector_uint2_precision.hpp">
      <Filter>vendor\glm\glm\ext</Filter>
    </ClInclude>
    <ClInclude Include="vendor\glm\glm\ext\vector_uint3.hpp">
      <Filter>vendor\glm\glm\ext</Filter>
    </ClInclude>
    <ClInclude Include="vendor\glm\glm\ext\vector_uint3_precision.hpp">
      <Filter>vendor\glm\glm\ext</Filter>
    </ClInclude>
    <ClInclude Include="vendor\glm\glm\ext\vector_uint4.hpp">
      <Filter>vendor\glm\glm\ext</Filter>
    </ClInclude>
    <ClInclude Include="vendor\glm\glm\ext\vector_uint4_precision.hpp">
      <Filter>vendor\glm\glm\ext</Filter>
    </ClInclude>
    <ClInclude Include="vendor\glm\glm\ext\vector_ulp.hpp">
      <Filter>vendor\glm\glm\ext</Filter>
    </ClInclude>
    <ClInclude Include="vendor\glm\glm\ext\vector_ulp.inl">
      <Filter>vendor\glm\glm\ext</Filter>
    </ClInclude>
    <ClInclude Include="vendor\glm\glm\fwd.hpp">
      <Filter>vendor\glm\glm</Filter>
    </ClInclude>
    <ClInclude Include="vendor\glm\glm\geometric.hpp">
      <Filter>vendor\glm\glm</Filter>
    </ClInclude>
    <ClInclude Include="vendor\glm\glm\glm.hpp">
      <Filter>vendor\glm\glm</Filter>
    </ClInclude>
    <ClInclude Include="vendor\glm\glm\gtc\bitfield.hpp">
      <Filter>vendor\glm\glm\gtc</Filter>
    </ClInclude>
    <ClInclude Include="vendor\glm\glm\gtc\bitfield.inl">
      <Filter>vendor\glm\glm\gtc</Filter>
    </ClInclude>
    <ClInclude Include="vendor\glm\glm\gtc\color_space.hpp">
      <Filter>vendor\glm\glm\gtc</Filter>
    </ClInclude>
    <ClInclude Include="vendor\glm\glm\gtc\color_space.inl">
      <Filter>vendor\glm\glm\gtc</Filter>
    </ClInclude>
    <ClInclude Include="vendor\glm\glm\gtc\constants.hpp">
      <Filter>vendor\glm\glm\gtc</Filter>
    </ClInclude>
    <ClInclude Include="vendor\glm\glm\gtc\constants.inl">
      <Filter>vendor\glm\glm\gtc</Filter>
    </ClInclude>
    <ClInclude Include="vendor\glm\glm\gtc\epsilon.hpp">
      <Filter>vendor\glm\glm\gtc</Filter>
    </ClInclude>
    <ClInclude Include="vendor\glm\glm\gtc\epsilon.inl">
      <Filter>vendor\glm\glm\gtc</Filter>
    </ClInclude>
    <ClInclude Include="vendor\glm\glm\gtc\integer.hpp">
      <Filter>vendor\glm\glm\gtc</Filter>
    </ClInclude>
    <ClInclude Include="vendor\glm\glm\gtc\integer.inl">
      <Filter>vendor\glm\glm\gtc</Filter>
    </ClInclude>
    <ClInclude Include="vendor\glm\glm\gtc\matrix_access.hpp">
      <Filter>vendor\glm\glm\gtc</Filter>
    </ClInclude>
    <ClInclude Include="vendor\glm\glm\gtc\matrix_access.inl">
      <Filter>vendor\glm\glm\gtc</Filter>
    </ClInclude>
    <ClInclude Include="vendor\glm\glm\gtc\matrix_integer.hpp">
      <Filter>vendor\glm\glm\gtc</Filter>
    </ClInclude>
    <ClInclude Include="vendor\glm\glm\gtc\matrix_inverse.hpp">
      <Filter>vendor\glm\glm\gtc</Filter>
    </ClInclude>
    <ClInclude Include="vendor\glm\glm\gtc\matrix_inverse.inl">
      <Filter>vendor\glm\glm\gtc</Filter>
    </ClInclude>
    <ClInclude Include="vendor\glm\glm\gtc\matrix_transform.hpp">
      <Filter>vendor\glm\glm\gtc</Filter>
    </ClInclude>
    <ClInclude Include="vendor\glm\glm\gtc\matrix_transform.inl">
      <Filter>vendor\glm\glm\gtc</Filter>
    </ClInclude>
    <ClInclude Include="vendor\glm\glm\gtc\noise.hpp">
      <Filter>vendor\glm\glm\gtc</Filter>
    </ClInclude>
    <ClInclude Include="vendor\glm\glm\gtc\noise.inl">
      <Filter>vendor\glm\glm\gtc</Filter>
    </ClInclude>
    <ClInclude Include="vendor\glm\glm\gtc\packing.hpp">
      <Filter>vendor\glm\glm\gtc</Filter>
    </ClInclude>
    <ClInclude Include="vendor\glm\glm\gtc\packing.inl">
      <Filter>vendor\glm\glm\gtc</Filter>
    </ClInclude>
    <ClInclude Include="vendor\glm\glm\gtc\quaternion.hpp">
      <Filter>vendor\glm\glm\gtc</Filter>
    </ClInclude>
    <ClInclude Include="vendor\glm\glm\gtc\quaternion.inl">
      <Filter>vendor\glm\glm\gtc</Filter>
    </ClInclude>
    <ClInclude Include="vendor\glm\glm\gtc\quaternion_simd.inl">
      <Filter>vendor\glm\glm\gtc</Filter>
    </ClInclude>
    <ClInclude Include="vendor\glm\glm\gtc\random.hpp">
      <Filter>vendor\glm\glm\gtc</Filter>
    </ClInclude>
    <ClInclude Include="vendor\glm\glm\gtc\random.inl">
      <Filter>vendor\glm\glm\gtc</Filter>
    </ClInclude>
    <ClInclude Include="vendor\glm\glm\gtc\reciprocal.hpp">
      <Filter>vendor\glm\glm\gtc</Filter>
    </ClInclude>
    <ClInclude Include="vendor\glm\glm\gtc\reciprocal.inl">
      <Filter>vendor\glm\glm\gtc</Filter>
    </ClInclude>
    <ClInclude Include="vendor\glm\glm\gtc\round.hpp">
      <Filter>vendor\glm\glm\gtc</Filter>
    </ClInclude>
    <ClInclude Include="vendor\glm\glm\gtc\round.inl">
      <Filter>vendor\glm\glm\gtc</Filter>
    </ClInclude>
    <ClInclude Include="vendor\glm\glm\gtc\type_aligned.hpp">
      <Filter>vendor\glm\glm\gtc</Filter>
    </ClInclude>
    <ClInclude Include="vendor\glm\glm\gtc\type_precision.hpp">
      <Filter>vendor\glm\glm\gtc</Filter>
    </ClInclude>
    <ClInclude Include="vendor\glm\glm\gtc\type_precision.inl">
      <Filter>vendor\glm\glm\gtc</Filter>
    </ClInclude>
    <ClInclude Include="vendor\glm\glm\gtc\type_ptr.hpp">
      <Filter>vendor\glm\glm\gtc</Filter>
    </ClInclude>
    <ClInclude Include="vendor\glm\glm\gtc\type_ptr.inl">
      <Filter>vendor\glm\glm\gtc</Filter>
    </ClInclude>
    <ClInclude Include="vendor\glm\glm\gtc\ulp.hpp">
      <Filter>vendor\glm\glm\gtc</Filter>
    </ClInclude>
    <ClInclude Include="vendor\glm\glm\gtc\ulp.inl">
      <Filter>vendor\glm\glm\gtc</Filter>
    </ClInclude>
    <ClInclude Include="vendor\glm\glm\gtc\vec1.hpp">
      <Filter>vendor\glm\glm\gtc</Filter>
    </ClInclude>
    <ClInclude Include="vendor\glm\glm\gtx\associated_min_max.hpp">
      <Filter>vendor\glm\glm\gtx</Filter>
    </ClInclude>
    <ClInclude Include="vendor\glm\glm\gtx\associated_min_max.inl">
      <Filter>vendor\glm\glm\gtx</Filter>
    </ClInclude>
    <ClInclude Include="vendor\glm\glm\gtx\bit.hpp">
      <Filter>vendor\glm\glm\gtx</Filter>
    </ClInclude>
    <ClInclude Include="vendor\glm\glm\gtx\bit.inl">
      <Filter>vendor\glm\glm\gtx</Filter>
    </ClInclude>
    <ClInclude Include="vendor\glm\glm\gtx\closest_point.hpp">
      <Filter>vendor\glm\glm\gtx</Filter>
    </ClInclude>
    <ClInclude Include="vendor\glm\glm\gtx\closest_point.inl">
      <Filter>vendor\glm\glm\gtx</Filter>
    </ClInclude>
    <ClInclude Include="vendor\glm\glm\gtx\color_encoding.hpp">
      <Filter>vendor\glm\glm\gtx</Filter>
    </ClInclude>
    <ClInclude Include="vendor\glm\glm\gtx\color_encoding.inl">
      <Filter>vendor\glm\glm\gtx</Filter>
    </ClInclude>
    <ClInclude Include="vendor\glm\glm\gtx\color_space.hpp">
      <Filter>vendor\glm\glm\gtx</Filter>
    </ClInclude>
    <ClInclude Include="vendor\glm\glm\gtx\color_space.inl">
      <Filter>vendor\glm\glm\gtx</Filter>
    </ClInclude>
    <ClInclude Include="vendor\glm\glm\gtx\color_space_YCoCg.hpp">
      <Filter>vendor\glm\glm\gtx</Filter>
    </ClInclude>
    <ClInclude Include="vendor\glm\glm\gtx\color_space_YCoCg.inl">
      <Filter>vendor\glm\glm\gtx</Filter>
    </ClInclude>
    <ClInclude Include="vendor\glm\glm\gtx\common.hpp">
      <Filter>vendor\glm\glm\gtx</Filter>
    </ClInclude>
    <ClInclude Include="vendor\glm\glm\gtx\common.inl">
      <Filter>vendor\glm\glm\gtx</Filter>
    </ClInclude>
    <ClInclude Include="vendor\glm\glm\gtx\compatibility.hpp">
      <Filter>vendor\glm\glm\gtx</Filter>
    </ClInclude>
    <ClInclude Include="vendor\glm\glm\gtx\compatibility.inl">
      <Filter>vendor\glm\glm\gtx</Filter>
    </ClInclude>
    <ClInclude Include="vendor\glm\glm\gtx\component_wise.hpp">
      <Filter>vendor\glm\glm\gtx</Filter>
    </ClInclude>
    <ClInclude Include="vendor\glm\glm\gtx\component_wise.inl">
      <Filter>vendor\glm\glm\gtx</Filter>
    </ClInclude>
    <ClInclude Include="vendor\glm\glm\gtx\dual_quaternion.hpp">
      <Filter>vendor\glm\glm\gtx</Filter>
    </ClInclude>
    <ClInclude Include="vendor\glm\glm\gtx\dual_quaternion.inl">
      <Filter>vendor\glm\glm\gtx</Filter>
    </ClInclude>
    <ClInclude Include="vendor\glm\glm\gtx\easing.hpp">
      <Filter>vendor\glm\glm\gtx</Filter>
    </ClInclude>
    <ClInclude Include="vendor\glm\glm\gtx\easing.inl">
      <Filter>vendor\glm\glm\gtx</Filter>
    </ClInclude>
    <ClInclude Include="vendor\glm\glm\gtx\euler_angles.hpp">
      <Filter>vendor\glm\glm\gtx</Filter>
    </ClInclude>
    <ClInclude Include="vendor\glm\glm\gtx\euler_angles.inl">
      <Filter>vendor\glm\glm\gtx</Filter>
    </ClInclude>
    <ClInclude Include="vendor\glm\glm\gtx\extend.hpp">
      <Filter>vendor\glm\glm\gtx</Filter>
    </ClInclude>
    <ClInclude Include="vendor\glm\glm\gtx\extend.inl">
      <Filter>vendor\glm\glm\gtx</Filter>
    </ClInclude>
    <ClInclude Include="vendor\glm\glm\gtx\extended_min_max.hpp">
      <Filter>vendor\glm\glm\gtx</Filter>
    </ClInclude>
    <ClInclude Include="vendor\glm\glm\gtx\extended_min_max.inl">
      <Filter>vendor\glm\glm\gtx</Filter>
    </ClInclude>
    <ClInclude Include="vendor\glm\glm\gtx\exterior_product.hpp">
      <Filter>vendor\glm\glm\gtx</Filter>
    </ClInclude>
    <ClInclude Include="vendor\glm\glm\gtx\exterior_product.inl">
      <Filter>vendor\glm\glm\gtx</Filter>
    </ClInclude>
    <ClInclude Include="vendor\glm\glm\gtx\fast_exponential.hpp">
      <Filter>vendor\glm\glm\gtx</Filter>
    </ClInclude>
    <ClInclude Include="vendor\glm\glm\gtx\fast_exponential.inl">
      <Filter>vendor\glm\glm\gtx</Filter>
    </ClInclude>
    <ClInclude Include="vendor\glm\glm\gtx\fast_square_root.hpp">
      <Filter>vendor\glm\glm\gtx</Filter>
    </ClInclude>
    <ClInclude Include="vendor\glm\glm\gtx\fast_square_root.inl">
      <Filter>vendor\glm\glm\gtx</Filter>
    </ClInclude>
    <ClInclude Include="vendor\glm\glm\gtx\fast_trigonometry.hpp">
      <Filter>vendor\glm\glm\gtx</Filter>
    </ClInclude>
    <ClInclude Include="vendor\glm\glm\gtx\fast_trigonometry.inl">
      <Filter>vendor\glm\glm\gtx</Filter>
    </ClInclude>
    <ClInclude Include="vendor\glm\glm\gtx\float_notmalize.inl">
      <Filter>vendor\glm\glm\gtx</Filter>
    </ClInclude>
    <ClInclude Include="vendor\glm\glm\gtx\functions.hpp">
      <Filter>vendor\glm\glm\gtx</Filter>
    </ClInclude>
    <ClInclude Include="vendor\glm\glm\gtx\functions.inl">
      <Filter>vendor\glm\glm\gtx</Filter>
    </ClInclude>
    <ClInclude Include="vendor\glm\glm\gtx\gradient_paint.hpp">
      <Filter>vendor\glm\glm\gtx</Filter>
    </ClInclude>
    <ClInclude Include="vendor\glm\glm\gtx\gradient_paint.inl">
      <Filter>vendor\glm\glm\gtx</Filter>
    </ClInclude>
    <ClInclude Include="vendor\glm\glm\gtx\handed_coordinate_space.hpp">
      <Filter>vendor\glm\glm\gtx</Filter>
    </ClInclude>
    <ClInclude Include="vendor\glm\glm\gtx\handed_coordinate_space.inl">
      <Filter>vendor\glm\glm\gtx</Filter>
    </ClInclude>
    <ClInclude Include="vendor\glm\glm\gtx\hash.hpp">
      <Filter>vendor\glm\glm\gtx</Filter>
    </ClInclude>
    <ClInclude Include="vendor\glm\glm\gtx\hash.inl">
      <Filter>vendor\glm\glm\gtx</Filter>
    </ClInclude>
    <ClInclude Include="vendor\glm\glm\gtx\integer.hpp">
      <Filter>vendor\glm\glm\gtx</Filter>
    </ClInclude>
    <ClInclude Include="vendor\glm\glm\gtx\integer.inl">
      <Filter>vendor\glm\glm\gtx</Filter>
    </ClInclude>
    <ClInclude Include="vendor\glm\glm\gtx\intersect.hpp">
      <Filter>vendor\glm\glm\gtx</Filter>
    </ClInclude>
    <ClInclude Include="vendor\glm\glm\gtx\intersect.inl">
      <Filter>vendor\glm\glm\gtx</Filter>
    </ClInclude>
    <ClInclude Include="vendor\glm\glm\gtx\io.hpp">
      <Filter>vendor\glm\glm\gtx</Filter>
    </ClInclude>
    <ClInclude Include="vendor\glm\glm\gtx\io.inl">
      <Filter>vendor\glm\glm\gtx</Filter>
    </ClInclude>
    <ClInclude Include="vendor\glm\glm\gtx\log_base.hpp">
      <Filter>vendor\glm\glm\gtx</Filter>
    </ClInclude>
    <ClInclude Include="vendor\glm\glm\gtx\log_base.inl">
      <Filter>vendor\glm\glm\gtx</Filter>
    </ClInclude>
    <ClInclude Include="vendor\glm\glm\gtx\matrix_cross_product.hpp">
      <Filter>vendor\glm\glm\gtx</Filter>
    </ClInclude>
    <ClInclude Include="vendor\glm\glm\gtx\matrix_cross_product.inl">
      <Filter>vendor\glm\glm\gtx</Filter>
    </ClInclude>
    <ClInclude Include="vendor\glm\glm\gtx\matrix_decompose.hpp">
      <Filter>vendor\glm\glm\gtx</Filter>
    </ClInclude>
    <ClInclude Include="vendor\glm\glm\gtx\matrix_decompose.inl">
      <Filter>vendor\glm\glm\gtx</Filter>
    </ClInclude>
    <ClInclude Include="vendor\glm\glm\gtx\matrix_factorisation.hpp">
      <Filter>vendor\glm\glm\gtx</Filter>
    </ClInclude>
    <ClInclude Include="vendor\glm\glm\gtx\matrix_factorisation.inl">
      <Filter>vendor\glm\glm\gtx</Filter>
    </ClInclude>
    <ClInclude Include="vendor\glm\glm\gtx\matrix_interpolation.hpp">
      <Filter>vendor\glm\glm\gtx</Filter>
    </ClInclude>
    <ClInclude Include="vendor\glm\glm\gtx\matrix_interpolation.inl">
      <Filter>vendor\glm\glm\gtx</Filter>
    </ClInclude>
    <ClInclude Include="vendor\glm\glm\gtx\matrix_major_storage.hpp">
      <Filter>vendor\glm\glm\gtx</Filter>
    </ClInclude>
    <ClInclude Include="vendor\glm\glm\gtx\matrix_major_storage.inl">
      <Filter>vendor\glm\glm\gtx</Filter>
    </ClInclude>
    <ClInclude Include="vendor\glm\glm\gtx\matrix_operation.hpp">
      <Filter>vendor\glm\glm\gtx</Filter>
    </ClInclude>
    <ClInclude Include="vendor\glm\glm\gtx\matrix_operation.inl">
      <Filter>vendor\glm\glm\gtx</Filter>
    </ClInclude>
    <ClInclude Include="vendor\glm\glm\gtx\matrix_query.hpp">
      <Filter>vendor\glm\glm\gtx</Filter>
    </ClInclude>
    <ClInclude Include="vendor\glm\glm\gtx\matrix_query.inl">
      <Filter>vendor\glm\glm\gtx</Filter>
    </ClInclude>
    <ClInclude Include="vendor\glm\glm\gtx\matrix_transform_2d.hpp">
      <Filter>vendor\glm\glm\gtx</Filter>
    </ClInclude>
    <ClInclude Include="vendor\glm\glm\gtx\matrix_transform_2d.inl">
      <Filter>vendor\glm\glm\gtx</Filter>
    </ClInclude>
    <ClInclude Include="vendor\glm\glm\gtx\mixed_product.hpp">
      <Filter>vendor\glm\glm\gtx</Filter>
    </ClInclude>
    <ClInclude Include="vendor\glm\glm\gtx\mixed_product.inl">
      <Filter>vendor\glm\glm\gtx</Filter>
    </ClInclude>
    <ClInclude Include="vendor\glm\glm\gtx\norm.hpp">
      <Filter>vendor\glm\glm\gtx</Filter>
    </ClInclude>
    <ClInclude Include="vendor\glm\glm\gtx\norm.inl">
      <Filter>vendor\glm\glm\gtx</Filter>
    </ClInclude>
    <ClInclude Include="vendor\glm\glm\gtx\normal.hpp">
      <Filter>vendor\glm\glm\gtx</Filter>
    </ClInclude>
    <ClInclude Include="vendor\glm\glm\gtx\normal.inl">
      <Filter>vendor\glm\glm\gtx</Filter>
    </ClInclude>
    <ClInclude Include="vendor\glm\glm\gtx\normalize_dot.hpp">
      <Filter>vendor\glm\glm\gtx</Filter>
    </ClInclude>
    <ClInclude Include="vendor\glm\glm\gtx\normalize_dot.inl">
      <Filter>vendor\glm\glm\gtx</Filter>
    </ClInclude>
    <ClInclude Include="vendor\glm\glm\gtx\number_precision.hpp">
      <Filter>vendor\glm\glm\gtx</Filter>
    </ClInclude>
    <ClInclude Include="vendor\glm\glm\gtx\number_precision.inl">
      <Filter>vendor\glm\glm\gtx</Filter>
    </ClInclude>
    <ClInclude Include="vendor\glm\glm\gtx\optimum_pow.hpp">
      <Filter>vendor\glm\glm\gtx</Filter>
    </ClInclude>
    <ClInclude Include="vendor\glm\glm\gtx\optimum_pow.inl">
      <Filter>vendor\glm\glm\gtx</Filter>
    </ClInclude>
    <ClInclude Include="vendor\glm\glm\gtx\orthonormalize.hpp">
      <Filter>vendor\glm\glm\gtx</Filter>
    </ClInclude>
    <ClInclude Include="vendor\glm\glm\gtx\orthonormalize.inl">
      <Filter>vendor\glm\glm\gtx</Filter>
    </ClInclude>
    <ClInclude Include="vendor\glm\glm\gtx\perpendicular.hpp">
      <Filter>vendor\glm\glm\gtx</Filter>
    </ClInclude>
    <ClInclude Include="vendor\glm\glm\gtx\perpendicular.inl">
      <Filter>vendor\glm\glm\gtx</Filter>
    </ClInclude>
    <ClInclude Include="vendor\glm\glm\gtx\polar_coordinates.hpp">
      <Filter>vendor\glm\glm\gtx</Filter>
    </ClInclude>
    <ClInclude Include="vendor\glm\glm\gtx\polar_coordinates.inl">
      <Filter>vendor\glm\glm\gtx</Filter>
    </ClInclude>
    <ClInclude Include="vendor\glm\glm\gtx\projection.hpp">
      <Filter>vendor\glm\glm\gtx</Filter>
    </ClInclude>
    <ClInclude Include="vendor\glm\glm\gtx\projection.inl">
      <Filter>vendor\glm\glm\gtx</Filter>
    </ClInclude>
    <ClInclude Include="vendor\glm\glm\gtx\quaternion.hpp">
      <Filter>vendor\glm\glm\gtx</Filter>
    </ClInclude>
    <ClInclude Include="vendor\glm\glm\gtx\quaternion.inl">
      <Filter>vendor\glm\glm\gtx</Filter>
    </ClInclude>
    <ClInclude Include="vendor\glm\glm\gtx\range.hpp">
      <Filter>vendor\glm\glm\gtx</Filter>
    </ClInclude>
    <ClInclude Include="vendor\glm\glm\gtx\raw_data.hpp">
      <Filter>vendor\glm\glm\gtx</Filter>
    </ClInclude>
    <ClInclude Include="vendor\glm\glm\gtx\raw_data.inl">
      <Filter>vendor\glm\glm\gtx</Filter>
    </ClInclude>
    <ClInclude Include="vendor\glm\glm\gtx\rotate_normalized_axis.hpp">
      <Filter>vendor\glm\glm\gtx</Filter>
    </ClInclude>
    <ClInclude Include="vendor\glm\glm\gtx\rotate_normalized_axis.inl">
      <Filter>vendor\glm\glm\gtx</Filter>
    </ClInclude>
    <ClInclude Include="vendor\glm\glm\gtx\rotate_vector.hpp">
      <Filter>vendor\glm\glm\gtx</Filter>
    </ClInclude>
    <ClInclude Include="vendor\glm\glm\gtx\rotate_vector.inl">
      <Filter>vendor\glm\glm\gtx</Filter>
    </ClInclude>
    <ClInclude Include="vendor\glm\glm\gtx\scalar_multiplication.hpp">
      <Filter>vendor\glm\glm\gtx</Filter>
    </ClInclude>
    <ClInclude Include="vendor\glm\glm\gtx\scalar_relational.hpp">
      <Filter>vendor\glm\glm\gtx</Filter>
    </ClInclude>
    <ClInclude Include="vendor\glm\glm\gtx\scalar_relational.inl">
      <Filter>vendor\glm\glm\gtx</Filter>
    </ClInclude>
    <ClInclude Include="vendor\glm\glm\gtx\spline.hpp">
      <Filter>vendor\glm\glm\gtx</Filter>
    </ClInclude>
    <ClInclude Include="vendor\glm\glm\gtx\spline.inl">
      <Filter>vendor\glm\glm\gtx</Filter>
    </ClInclude>
    <ClInclude Include="vendor\glm\glm\gtx\std_based_type.hpp">
      <Filter>vendor\glm\glm\gtx</Filter>
    </ClInclude>
    <ClInclude Include="vendor\glm\glm\gtx\std_based_type.inl">
      <Filter>vendor\glm\glm\gtx</Filter>
    </ClInclude>
    <ClInclude Include="vendor\glm\glm\gtx\string_cast.hpp">
      <Filter>vendor\glm\glm\gtx</Filter>
    </ClInclude>
    <ClInclude Include="vendor\glm\glm\gtx\string_cast.inl">
      <Filter>vendor\glm\glm\gtx</Filter>
    </ClInclude>
    <ClInclude Include="vendor\glm\glm\gtx\texture.hpp">
      <Filter>vendor\glm\glm\gtx</Filter>
    </ClInclude>
    <ClInclude Include="vendor\glm\glm\gtx\texture.inl">
      <Filter>vendor\glm\glm\gtx</Filter>
    </ClInclude>
    <ClInclude Include="vendor\glm\glm\gtx\transform.hpp">
      <Filter>vendor\glm\glm\gtx</Filter>
    </ClInclude>
    <ClInclude Include="vendor\glm\glm\gtx\transform.inl">
      <Filter>vendor\glm\glm\gtx</Filter>
    </ClInclude>
    <ClInclude Include="vendor\glm\glm\gtx\transform2.hpp">
      <Filter>vendor\glm\glm\gtx</Filter>
    </ClInclude>
    <ClInclude Include="vendor\glm\glm\gtx\transform2.inl">
      <Filter>vendor\glm\glm\gtx</Filter>
    </ClInclude>
    <ClInclude Include="vendor\glm\glm\gtx\type_aligned.hpp">
      <Filter>vendor\glm\glm\gtx</Filter>
    </ClInclude>
    <ClInclude Include="vendor\glm\glm\gtx\type_aligned.inl">
      <Filter>vendor\glm\glm\gtx</Filter>
    </ClInclude>
    <ClInclude Include="vendor\glm\glm\gtx\type_trait.hpp">
      <Filter>vendor\glm\glm\gtx</Filter>
    </ClInclude>
    <ClInclude Include="vendor\glm\glm\gtx\type_trait.inl">
      <Filter>vendor\glm\glm\gtx</Filter>
    </ClInclude>
    <ClInclude Include="vendor\glm\glm\gtx\vec_swizzle.hpp">
      <Filter>vendor\glm\glm\gtx</Filter>
    </ClInclude>
    <ClInclude Include="vendor\glm\glm\gtx\vector_angle.hpp">
      <Filter>vendor\glm\glm\gtx</Filter>
    </ClInclude>
    <ClInclude Include="vendor\glm\glm\gtx\vector_angle.inl">
      <Filter>vendor\glm\glm\gtx</Filter>
    </ClInclude>
    <ClInclude Include="vendor\glm\glm\gtx\vector_query.hpp">
      <Filter>vendor\glm\glm\gtx</Filter>
    </ClInclude>
    <ClInclude Include="vendor\glm\glm\gtx\vector_query.inl">
      <Filter>vendor\glm\glm\gtx</Filter>
    </ClInclude>
    <ClInclude Include="vendor\glm\glm\gtx\wrap.hpp">
      <Filter>vendor\glm\glm\gtx</Filter>
    </ClInclude>
    <ClInclude Include="vendor\glm\glm\gtx\wrap.inl">
      <Filter>vendor\glm\glm\gtx</Filter>
    </ClInclude>
    <ClInclude Include="vendor\glm\glm\integer.hpp">
      <Filter>vendor\glm\glm</Filter>
    </ClInclude>
    <ClInclude Include="vendor\glm\glm\mat2x2.hpp">
      <Filter>vendor\glm\glm</Filter>
    </ClInclude>
    <ClInclude Include="vendor\glm\glm\mat2x3.hpp">
      <Filter>vendor\glm\glm</Filter>
    </ClInclude>
    <ClInclude Include="vendor\glm\glm\mat2x4.hpp">
      <Filter>vendor\glm\glm</Filter>
    </ClInclude>
    <ClInclude Include="vendor\glm\glm\mat3x2.hpp">
      <Filter>vendor\glm\glm</Filter>
    </ClInclude>
    <ClInclude Include="vendor\glm\glm\mat3x3.hpp">
      <Filter>vendor\glm\glm</Filter>
    </ClInclude>
    <ClInclude Include="vendor\glm\glm\mat3x4.hpp">
      <Filter>vendor\glm\glm</Filter>
    </ClInclude>
    <ClInclude Include="vendor\glm\glm\mat4x2.hpp">
      <Filter>vendor\glm\glm</Filter>
    </ClInclude>
    <ClInclude Include="vendor\glm\glm\mat4x3.hpp">
      <Filter>vendor\glm\glm</Filter>
    </ClInclude>
    <ClInclude Include="vendor\glm\glm\mat4x4.hpp">
      <Filter>vendor\glm\glm</Filter>
    </ClInclude>
    <ClInclude Include="vendor\glm\glm\matrix.hpp">
      <Filter>vendor\glm\glm</Filter>
    </ClInclude>
    <ClInclude Include="vendor\glm\glm\packing.hpp">
      <Filter>vendor\glm\glm</Filter>
    </ClInclude>
    <ClInclude Include="vendor\glm\glm\trigonometric.hpp">
      <Filter>vendor\glm\glm</Filter>
    </ClInclude>
    <ClInclude Include="vendor\glm\glm\vec2.hpp">
      <Filter>vendor\glm\glm</Filter>
    </ClInclude>
    <ClInclude Include="vendor\glm\glm\vec3.hpp">
      <Filter>vendor\glm\glm</Filter>
    </ClInclude>
    <ClInclude Include="vendor\glm\glm\vec4.hpp">
      <Filter>vendor\glm\glm</Filter>
    </ClInclude>
    <ClInclude Include="vendor\glm\glm\vector_relational.hpp">
      <Filter>vendor\glm\glm</Filter>
    </ClInclude>
    <ClInclude Include="vendor\stb_image\stb_image.h">
      <Filter>vendor\stb_image</Filter>
    </ClInclude>
    <ClInclude Include="src\graphics\TestQuad.h" />
    <ClInclude Include="src\Scheduler.h" />
    <ClInclude Include="src\world\entity\Pool.h" />
    <ClInclude Include="src\platform\OpenGL\OpenGLTexture.h" />
    <ClInclude Include="src\platform\OpenGL\OpenGLRenderer.h" />
    <ClInclude Include="src\graphics\BatchRenderer2D.h" />
    <ClInclude Include="src\graphics\Renderable2D.h" />
    <ClInclude Include="src\graphics\Sprite.h" />
    <ClInclude Include="src\graphics\Group.h" />
    <ClInclude Include="src\world\entity\EntityManager.h" />
    <ClInclude Include="src\graphics\IBatchRenderable2D.h" />
    <ClInclude Include="src\world\entity\componentManager.h" />
    <ClInclude Include="src\world\entity\ssystem.h" />
    <ClInclude Include="src\world\entity\entity_datas.h" />
    <ClInclude Include="src\world\entity\entities.h" />
    <ClInclude Include="src\world\entity\EntityRegistry.h" />
    <ClInclude Include="src\nbt\NBT.h" />
    <ClInclude Include="src\graphics\TextureManager.h" />
    <ClInclude Include="src\physShapes.h" />
    <ClInclude Include="src\world\entity\PathTracer.h" />
  </ItemGroup>
  <ItemGroup>
    <ClCompile Include="src\EntryPoint.cpp">
      <Filter>src</Filter>
    </ClCompile>
    <ClCompile Include="src\Game.cpp">
      <Filter>src</Filter>
    </ClCompile>
    <ClCompile Include="src\Input.cpp">
      <Filter>src</Filter>
    </ClCompile>
    <ClCompile Include="src\Log.cpp">
      <Filter>src</Filter>
    </ClCompile>
    <ClCompile Include="src\State.cpp">
      <Filter>src</Filter>
    </ClCompile>
    <ClCompile Include="src\Window.cpp">
      <Filter>src</Filter>
    </ClCompile>
    <ClCompile Include="src\entity\Camera.cpp">
      <Filter>src\entity</Filter>
    </ClCompile>
    <ClCompile Include="src\graphics\Renderer.cpp">
      <Filter>src\graphics</Filter>
    </ClCompile>
    <ClCompile Include="src\graphics\Shader.cpp">
      <Filter>src\graphics</Filter>
    </ClCompile>
    <ClCompile Include="src\graphics\Sprite2D.cpp">
      <Filter>src\graphics</Filter>
    </ClCompile>
    <ClCompile Include="src\graphics\Texture.cpp">
      <Filter>src\graphics</Filter>
    </ClCompile>
    <ClCompile Include="src\graphics\buffer\Buffer.cpp">
      <Filter>src\graphics\buffer</Filter>
    </ClCompile>
    <ClCompile Include="src\graphics\buffer\FrameBuffer.cpp">
      <Filter>src\graphics\buffer</Filter>
    </ClCompile>
    <ClCompile Include="src\graphics\buffer\VertexArray.cpp">
      <Filter>src\graphics\buffer</Filter>
    </ClCompile>
    <ClCompile Include="src\layer\ImGuiBuild.cpp">
      <Filter>src\layer</Filter>
    </ClCompile>
    <ClCompile Include="src\layer\ImGuiLayer.cpp">
      <Filter>src\layer</Filter>
    </ClCompile>
    <ClCompile Include="src\layer\Layer.cpp">
      <Filter>src\layer</Filter>
    </ClCompile>
    <ClCompile Include="src\layer\LayerStack.cpp">
      <Filter>src\layer</Filter>
    </ClCompile>
    <ClCompile Include="src\layer\MainLayer.cpp">
      <Filter>src\layer</Filter>
    </ClCompile>
    <ClCompile Include="src\layer\WorldLayer.cpp">
      <Filter>src\layer</Filter>
    </ClCompile>
    <ClCompile Include="src\layer\imguiplotvar.cpp">
      <Filter>src\layer</Filter>
    </ClCompile>
    <ClCompile Include="src\main.cpp">
      <Filter>src</Filter>
    </ClCompile>
    <ClCompile Include="src\ndpch.cpp">
      <Filter>src</Filter>
    </ClCompile>
    <ClCompile Include="src\platform\OpenGL\OpenGLBuffer.cpp">
      <Filter>src\platform\OpenGL</Filter>
    </ClCompile>
    <ClCompile Include="src\platform\OpenGL\OpenGLFrameBuffer.cpp">
      <Filter>src\platform\OpenGL</Filter>
    </ClCompile>
    <ClCompile Include="src\platform\OpenGL\OpenGLVertexArray.cpp">
      <Filter>src\platform\OpenGL</Filter>
    </ClCompile>
    <ClCompile Include="src\world\ChunkLoader.cpp">
      <Filter>src\world</Filter>
    </ClCompile>
    <ClCompile Include="src\world\ChunkMesh.cpp">
      <Filter>src\world</Filter>
    </ClCompile>
    <ClCompile Include="src\world\LightCalculator.cpp">
      <Filter>src\world</Filter>
    </ClCompile>
    <ClCompile Include="src\world\World.cpp">
      <Filter>src\world</Filter>
    </ClCompile>
    <ClCompile Include="src\world\WorldGen.cpp">
      <Filter>src\world</Filter>
    </ClCompile>
    <ClCompile Include="src\world\WorldIO.cpp">
      <Filter>src\world</Filter>
    </ClCompile>
    <ClCompile Include="src\world\WorldRenderManager.cpp">
      <Filter>src\world</Filter>
    </ClCompile>
    <ClCompile Include="src\world\biome\Biome.cpp">
      <Filter>src\world\biome</Filter>
    </ClCompile>
    <ClCompile Include="src\world\biome\BiomeForest.cpp">
      <Filter>src\world\biome</Filter>
    </ClCompile>
    <ClCompile Include="src\world\biome\BiomeRegistry.cpp">
      <Filter>src\world\biome</Filter>
    </ClCompile>
    <ClCompile Include="src\world\biome\BiomeTiledTexture.cpp">
      <Filter>src\world\biome</Filter>
    </ClCompile>
    <ClCompile Include="src\world\biome\biomes.cpp">
      <Filter>src\world\biome</Filter>
    </ClCompile>
    <ClCompile Include="src\world\block\ActionPolygon.cpp">
      <Filter>src\world\block</Filter>
    </ClCompile>
    <ClCompile Include="src\world\block\Block.cpp">
      <Filter>src\world\block</Filter>
    </ClCompile>
    <ClCompile Include="src\world\block\BlockRegistry.cpp">
      <Filter>src\world\block</Filter>
    </ClCompile>
    <ClCompile Include="src\world\block\basic_blocks.cpp">
      <Filter>src\world\block</Filter>
    </ClCompile>
    <ClCompile Include="src\world\block\basic_walls.cpp">
      <Filter>src\world\block</Filter>
    </ClCompile>
    <ClCompile Include="src\world\entity\WorldEntity.cpp">
      <Filter>src\world\entity</Filter>
    </ClCompile>
    <ClCompile Include="vendor\stb_image\stb_image.cpp">
      <Filter>vendor\stb_image</Filter>
    </ClCompile>
    <ClCompile Include="src\graphics\TestQuad.cpp" />
    <ClCompile Include="src\Scheduler.cpp" />
    <ClCompile Include="src\world\entity\Pool.cpp" />
    <ClCompile Include="src\platform\OpenGL\OpenGLTexture.cpp" />
    <ClCompile Include="src\platform\OpenGL\OpenGLRenderer.cpp" />
    <ClCompile Include="src\graphics\BatchRenderer2D.cpp" />
    <ClCompile Include="src\graphics\Renderable2D.cpp" />
    <ClCompile Include="src\graphics\Sprite.cpp" />
    <ClCompile Include="src\graphics\Group.cpp" />
    <ClCompile Include="src\world\entity\EntityManager.cpp" />
    <ClCompile Include="src\graphics\IBatchRenderable2D.cpp" />
    <ClCompile Include="src\world\entity\componentManager.cpp" />
    <ClCompile Include="src\world\entity\ssystem.cpp" />
    <ClCompile Include="src\world\entity\entities.cpp" />
    <ClCompile Include="src\world\entity\EntityRegistry.cpp" />
    <ClCompile Include="src\nbt\NBT.cpp" />
    <ClCompile Include="src\graphics\TextureManager.cpp" />
    <ClCompile Include="src\physShapes.cpp" />
    <ClCompile Include="src\world\entity\PathTracer.cpp" />
  </ItemGroup>
</Project>